
Microsoft Visual Studio Solution File, Format Version 12.00
# Visual Studio Version 17
VisualStudioVersion = 17.5.33516.290
MinimumVisualStudioVersion = 10.0.40219.1
Project("{2150E333-8FDC-42A3-9474-1A3956D46DE8}") = "Solution Items", "Solution Items", "{59224696-F9C2-4D11-8A44-069E4643D9BD}"
	ProjectSection(SolutionItems) = preProject
		Directory.Build.props = Directory.Build.props
	EndProjectSection
EndProject
Project("{2150E333-8FDC-42A3-9474-1A3956D46DE8}") = "Services", "Services", "{372D004F-0BE8-43AB-B15A-9300945BD745}"
EndProject
Project("{9A19103F-16F7-4668-BE54-9A1E7A4F7556}") = "WeatherForecastService.Api", "Services\WeatherForecastService.Api\WeatherForecastService.Api.csproj", "{895F297D-7873-4F56-9278-01689442745E}"
EndProject
Project("{2150E333-8FDC-42A3-9474-1A3956D46DE8}") = "Core", "Core", "{B5A377D1-98D7-4743-AAFA-A102EEBCD4B7}"
EndProject
Project("{FAE04EC0-301F-11D3-BF4B-00C04F79EFBC}") = "Types", "Core\Types\Types.csproj", "{73D200FF-1DFB-4077-90D3-AC75C19CFD2E}"
EndProject
Project("{2150E333-8FDC-42A3-9474-1A3956D46DE8}") = "DataAccess", "DataAccess", "{9914DB47-B143-4F63-A3D1-9764557C7CDC}"
EndProject
Project("{FAE04EC0-301F-11D3-BF4B-00C04F79EFBC}") = "Dummy", "Dummy\Dummy.csproj", "{0B0BB67D-5E45-480F-907D-5AEA1CE05A9D}"
EndProject
Project("{FAE04EC0-301F-11D3-BF4B-00C04F79EFBC}") = "WeatherForecastService", "Services\WeatherForecastService\WeatherForecastService.csproj", "{4C81E6F3-DC9B-463D-86C9-C4908F363693}"
EndProject
Global
	GlobalSection(SolutionConfigurationPlatforms) = preSolution
		Debug|x64 = Debug|x64
		Release|x64 = Release|x64
	EndGlobalSection
	GlobalSection(ProjectConfigurationPlatforms) = postSolution
		{895F297D-7873-4F56-9278-01689442745E}.Debug|x64.ActiveCfg = Debug|x64
		{895F297D-7873-4F56-9278-01689442745E}.Debug|x64.Build.0 = Debug|x64
		{895F297D-7873-4F56-9278-01689442745E}.Release|x64.ActiveCfg = Release|x64
		{895F297D-7873-4F56-9278-01689442745E}.Release|x64.Build.0 = Release|x64
		{73D200FF-1DFB-4077-90D3-AC75C19CFD2E}.Debug|x64.ActiveCfg = Debug|x64
		{73D200FF-1DFB-4077-90D3-AC75C19CFD2E}.Debug|x64.Build.0 = Debug|x64
		{73D200FF-1DFB-4077-90D3-AC75C19CFD2E}.Release|x64.ActiveCfg = Release|x64
		{73D200FF-1DFB-4077-90D3-AC75C19CFD2E}.Release|x64.Build.0 = Release|x64
		{0B0BB67D-5E45-480F-907D-5AEA1CE05A9D}.Debug|x64.ActiveCfg = Debug|x64
		{0B0BB67D-5E45-480F-907D-5AEA1CE05A9D}.Debug|x64.Build.0 = Debug|x64
		{0B0BB67D-5E45-480F-907D-5AEA1CE05A9D}.Release|x64.ActiveCfg = Release|x64
		{0B0BB67D-5E45-480F-907D-5AEA1CE05A9D}.Release|x64.Build.0 = Release|x64
		{4C81E6F3-DC9B-463D-86C9-C4908F363693}.Debug|x64.ActiveCfg = Debug|x64
		{4C81E6F3-DC9B-463D-86C9-C4908F363693}.Debug|x64.Build.0 = Debug|x64
		{4C81E6F3-DC9B-463D-86C9-C4908F363693}.Release|x64.ActiveCfg = Release|x64
		{4C81E6F3-DC9B-463D-86C9-C4908F363693}.Release|x64.Build.0 = Release|x64
	EndGlobalSection
	GlobalSection(SolutionProperties) = preSolution
		HideSolutionNode = FALSE
	EndGlobalSection
	GlobalSection(NestedProjects) = preSolution
		{895F297D-7873-4F56-9278-01689442745E} = {372D004F-0BE8-43AB-B15A-9300945BD745}
		{73D200FF-1DFB-4077-90D3-AC75C19CFD2E} = {B5A377D1-98D7-4743-AAFA-A102EEBCD4B7}
		{0B0BB67D-5E45-480F-907D-5AEA1CE05A9D} = {9914DB47-B143-4F63-A3D1-9764557C7CDC}
		{4C81E6F3-DC9B-463D-86C9-C4908F363693} = {372D004F-0BE8-43AB-B15A-9300945BD745}
	EndGlobalSection
	GlobalSection(ExtensibilityGlobals) = postSolution
		SolutionGuid = {0B8E6B1C-7291-4CD7-B822-FBFCE74D4AE7}
	EndGlobalSection
EndGlobal
