
Microsoft Visual Studio Solution File, Format Version 12.00
# Visual Studio Version 17
VisualStudioVersion = 17.5.33516.290
MinimumVisualStudioVersion = 10.0.40219.1
Project("{2150E333-8FDC-42A3-9474-1A3956D46DE8}") = "Solution Items", "Solution Items", "{59224696-F9C2-4D11-8A44-069E4643D9BD}"
	ProjectSection(SolutionItems) = preProject
		Directory.Build.props = Directory.Build.props
	EndProjectSection
EndProject
Project("{2150E333-8FDC-42A3-9474-1A3956D46DE8}") = "Services", "Services", "{372D004F-0BE8-43AB-B15A-9300945BD745}"
EndProject
Project("{9A19103F-16F7-4668-BE54-9A1E7A4F7556}") = "WeatherForecastService.Api", "Services\WeatherForecastService.Api\WeatherForecastService.Api.csproj", "{895F297D-7873-4F56-9278-01689442745E}"
EndProject
Project("{2150E333-8FDC-42A3-9474-1A3956D46DE8}") = "Core", "Core", "{B5A377D1-98D7-4743-AAFA-A102EEBCD4B7}"
EndProject
Project("{9A19103F-16F7-4668-BE54-9A1E7A4F7556}") = "Types", "Core\Types\Types.csproj", "{73D200FF-1DFB-4077-90D3-AC75C19CFD2E}"
EndProject
Project("{2150E333-8FDC-42A3-9474-1A3956D46DE8}") = "DataAccess", "DataAccess", "{9914DB47-B143-4F63-A3D1-9764557C7CDC}"
EndProject
Project("{9A19103F-16F7-4668-BE54-9A1E7A4F7556}") = "WeatherForecastService", "Services\WeatherForecastService\WeatherForecastService.csproj", "{4C81E6F3-DC9B-463D-86C9-C4908F363693}"
EndProject
Project("{9A19103F-16F7-4668-BE54-9A1E7A4F7556}") = "Dummy", "DataAccess\Dummy\Dummy.csproj", "{6019512B-6FBF-48A7-93B5-A68DDF2E1D58}"
EndProject
Project("{9A19103F-16F7-4668-BE54-9A1E7A4F7556}") = "Dummy.Tests", "DataAccess\Dummy.Tests\Dummy.Tests.csproj", "{0EE24CFC-CA3D-4B01-BBAF-28DA0D8668AA}"
EndProject
Project("{9A19103F-16F7-4668-BE54-9A1E7A4F7556}") = "WeatherForecastService.Tests", "Services\WeatherForecastService.Tests\WeatherForecastService.Tests.csproj", "{D80A20F5-7DCC-426D-A0A5-1E09EFE0EC50}"
EndProject
Project("{9A19103F-16F7-4668-BE54-9A1E7A4F7556}") = "WeatherForecastService.Api.Tests", "Services\WeatherForecastService.Api.Tests\WeatherForecastService.Api.Tests.csproj", "{A9B1EAD3-5524-4DE0-B2E5-A2E89DE1FD4A}"
EndProject
Project("{9A19103F-16F7-4668-BE54-9A1E7A4F7556}") = "OpenWeather", "DataAccess\OpenWeather\OpenWeather.csproj", "{B47A3846-21B4-4310-A338-5C9D2FB2DCC5}"
EndProject
Project("{9A19103F-16F7-4668-BE54-9A1E7A4F7556}") = "OpenWeather.Tests", "DataAccess\OpenWeather.Tests\OpenWeather.Tests.csproj", "{4D20D92E-5A89-4C9B-8C43-500FB374A1CB}"
EndProject
Project("{9A19103F-16F7-4668-BE54-9A1E7A4F7556}") = "Interfaces", "Core\Interfaces\Interfaces.csproj", "{83531BD9-D52A-4667-A27B-B9C5771DBFDE}"
EndProject
Project("{2150E333-8FDC-42A3-9474-1A3956D46DE8}") = "Utilities", "Utilities", "{1A84EE7C-E4B3-4CDF-8C22-AE4EAECF5CCE}"
EndProject
Project("{9A19103F-16F7-4668-BE54-9A1E7A4F7556}") = "TestHelpers", "Core\Utilities\TestHelpers\TestHelpers.csproj", "{263A2AE1-7BDF-4C29-A20B-5912ACD066A4}"
EndProject
Project("{9A19103F-16F7-4668-BE54-9A1E7A4F7556}") = "ConfigurationService", "Core\Utilities\ConfigurationService\ConfigurationService.csproj", "{0116C8E3-EA1E-498D-B042-8A4221FED534}"
EndProject
Project("{9A19103F-16F7-4668-BE54-9A1E7A4F7556}") = "Helpers", "Core\Utilities\Helpers\Helpers.csproj", "{5E5C231E-9377-4C9B-AC05-97A77A184468}"
EndProject
Project("{2150E333-8FDC-42A3-9474-1A3956D46DE8}") = "Caching", "Caching", "{1CDCAB2D-49CF-4B69-BD6A-D5E1C9921607}"
EndProject
Project("{9A19103F-16F7-4668-BE54-9A1E7A4F7556}") = "Memory", "Core\Utilities\Caching\Memory\Memory.csproj", "{2C12532D-8776-49AE-8C93-C365DC32C2E1}"
EndProject
Project("{9A19103F-16F7-4668-BE54-9A1E7A4F7556}") = "Redis", "Core\Utilities\Caching\Redis\Redis.csproj", "{999B087F-43D2-401F-BFA2-724AB6DC170A}"
EndProject
Project("{9A19103F-16F7-4668-BE54-9A1E7A4F7556}") = "Caching", "DataAccess\Caching\Caching.csproj", "{24D44FE0-00DC-4695-BBC1-9718A3B3641A}"
EndProject
Project("{FAE04EC0-301F-11D3-BF4B-00C04F79EFBC}") = "Dummy.Api", "DataAccess\Dummy.Api\Dummy.Api.csproj", "{B919B620-C910-4A03-BF41-96D0C7DA61F8}"
EndProject
Project("{FAE04EC0-301F-11D3-BF4B-00C04F79EFBC}") = "OpenWeather.Api", "DataAccess\OpenWeather.Api\OpenWeather.Api.csproj", "{5E05217A-37BD-4EC1-B916-B8B76ACE8733}"
EndProject
Project("{FAE04EC0-301F-11D3-BF4B-00C04F79EFBC}") = "Dummy.Proxy", "DataAccess\Dummy.Proxy\Dummy.Proxy.csproj", "{B459FC5D-AB13-4E84-BF02-FC9C5564F896}"
EndProject
Project("{FAE04EC0-301F-11D3-BF4B-00C04F79EFBC}") = "OpenWeather.Proxy", "DataAccess\OpenWeather.Proxy\OpenWeather.Proxy.csproj", "{D3384845-1493-4F61-9479-18420D28749B}"
EndProject
Global
	GlobalSection(SolutionConfigurationPlatforms) = preSolution
		Debug|x64 = Debug|x64
		Release|x64 = Release|x64
	EndGlobalSection
	GlobalSection(ProjectConfigurationPlatforms) = postSolution
		{895F297D-7873-4F56-9278-01689442745E}.Debug|x64.ActiveCfg = Debug|x64
		{895F297D-7873-4F56-9278-01689442745E}.Debug|x64.Build.0 = Debug|x64
		{895F297D-7873-4F56-9278-01689442745E}.Release|x64.ActiveCfg = Release|x64
		{895F297D-7873-4F56-9278-01689442745E}.Release|x64.Build.0 = Release|x64
		{73D200FF-1DFB-4077-90D3-AC75C19CFD2E}.Debug|x64.ActiveCfg = Debug|x64
		{73D200FF-1DFB-4077-90D3-AC75C19CFD2E}.Debug|x64.Build.0 = Debug|x64
		{73D200FF-1DFB-4077-90D3-AC75C19CFD2E}.Release|x64.ActiveCfg = Release|x64
		{73D200FF-1DFB-4077-90D3-AC75C19CFD2E}.Release|x64.Build.0 = Release|x64
		{4C81E6F3-DC9B-463D-86C9-C4908F363693}.Debug|x64.ActiveCfg = Debug|x64
		{4C81E6F3-DC9B-463D-86C9-C4908F363693}.Debug|x64.Build.0 = Debug|x64
		{4C81E6F3-DC9B-463D-86C9-C4908F363693}.Release|x64.ActiveCfg = Release|x64
		{4C81E6F3-DC9B-463D-86C9-C4908F363693}.Release|x64.Build.0 = Release|x64
		{6019512B-6FBF-48A7-93B5-A68DDF2E1D58}.Debug|x64.ActiveCfg = Debug|x64
		{6019512B-6FBF-48A7-93B5-A68DDF2E1D58}.Debug|x64.Build.0 = Debug|x64
		{6019512B-6FBF-48A7-93B5-A68DDF2E1D58}.Release|x64.ActiveCfg = Release|x64
		{6019512B-6FBF-48A7-93B5-A68DDF2E1D58}.Release|x64.Build.0 = Release|x64
		{0EE24CFC-CA3D-4B01-BBAF-28DA0D8668AA}.Debug|x64.ActiveCfg = Debug|x64
		{0EE24CFC-CA3D-4B01-BBAF-28DA0D8668AA}.Debug|x64.Build.0 = Debug|x64
		{0EE24CFC-CA3D-4B01-BBAF-28DA0D8668AA}.Release|x64.ActiveCfg = Release|x64
		{0EE24CFC-CA3D-4B01-BBAF-28DA0D8668AA}.Release|x64.Build.0 = Release|x64
		{D80A20F5-7DCC-426D-A0A5-1E09EFE0EC50}.Debug|x64.ActiveCfg = Debug|x64
		{D80A20F5-7DCC-426D-A0A5-1E09EFE0EC50}.Debug|x64.Build.0 = Debug|x64
		{D80A20F5-7DCC-426D-A0A5-1E09EFE0EC50}.Release|x64.ActiveCfg = Release|x64
		{D80A20F5-7DCC-426D-A0A5-1E09EFE0EC50}.Release|x64.Build.0 = Release|x64
		{A9B1EAD3-5524-4DE0-B2E5-A2E89DE1FD4A}.Debug|x64.ActiveCfg = Debug|x64
		{A9B1EAD3-5524-4DE0-B2E5-A2E89DE1FD4A}.Debug|x64.Build.0 = Debug|x64
		{A9B1EAD3-5524-4DE0-B2E5-A2E89DE1FD4A}.Release|x64.ActiveCfg = Release|x64
		{A9B1EAD3-5524-4DE0-B2E5-A2E89DE1FD4A}.Release|x64.Build.0 = Release|x64
		{B47A3846-21B4-4310-A338-5C9D2FB2DCC5}.Debug|x64.ActiveCfg = Debug|x64
		{B47A3846-21B4-4310-A338-5C9D2FB2DCC5}.Debug|x64.Build.0 = Debug|x64
		{B47A3846-21B4-4310-A338-5C9D2FB2DCC5}.Release|x64.ActiveCfg = Release|x64
		{B47A3846-21B4-4310-A338-5C9D2FB2DCC5}.Release|x64.Build.0 = Release|x64
		{4D20D92E-5A89-4C9B-8C43-500FB374A1CB}.Debug|x64.ActiveCfg = Debug|x64
		{4D20D92E-5A89-4C9B-8C43-500FB374A1CB}.Debug|x64.Build.0 = Debug|x64
		{4D20D92E-5A89-4C9B-8C43-500FB374A1CB}.Release|x64.ActiveCfg = Release|x64
		{4D20D92E-5A89-4C9B-8C43-500FB374A1CB}.Release|x64.Build.0 = Release|x64
		{83531BD9-D52A-4667-A27B-B9C5771DBFDE}.Debug|x64.ActiveCfg = Debug|x64
		{83531BD9-D52A-4667-A27B-B9C5771DBFDE}.Debug|x64.Build.0 = Debug|x64
		{83531BD9-D52A-4667-A27B-B9C5771DBFDE}.Release|x64.ActiveCfg = Release|x64
		{83531BD9-D52A-4667-A27B-B9C5771DBFDE}.Release|x64.Build.0 = Release|x64
		{263A2AE1-7BDF-4C29-A20B-5912ACD066A4}.Debug|x64.ActiveCfg = Debug|x64
		{263A2AE1-7BDF-4C29-A20B-5912ACD066A4}.Debug|x64.Build.0 = Debug|x64
		{263A2AE1-7BDF-4C29-A20B-5912ACD066A4}.Release|x64.ActiveCfg = Release|x64
		{263A2AE1-7BDF-4C29-A20B-5912ACD066A4}.Release|x64.Build.0 = Release|x64
		{0116C8E3-EA1E-498D-B042-8A4221FED534}.Debug|x64.ActiveCfg = Debug|x64
		{0116C8E3-EA1E-498D-B042-8A4221FED534}.Debug|x64.Build.0 = Debug|x64
		{0116C8E3-EA1E-498D-B042-8A4221FED534}.Release|x64.ActiveCfg = Release|x64
		{0116C8E3-EA1E-498D-B042-8A4221FED534}.Release|x64.Build.0 = Release|x64
		{5E5C231E-9377-4C9B-AC05-97A77A184468}.Debug|x64.ActiveCfg = Debug|x64
		{5E5C231E-9377-4C9B-AC05-97A77A184468}.Debug|x64.Build.0 = Debug|x64
		{5E5C231E-9377-4C9B-AC05-97A77A184468}.Release|x64.ActiveCfg = Release|x64
		{5E5C231E-9377-4C9B-AC05-97A77A184468}.Release|x64.Build.0 = Release|x64
		{2C12532D-8776-49AE-8C93-C365DC32C2E1}.Debug|x64.ActiveCfg = Debug|x64
		{2C12532D-8776-49AE-8C93-C365DC32C2E1}.Debug|x64.Build.0 = Debug|x64
		{2C12532D-8776-49AE-8C93-C365DC32C2E1}.Release|x64.ActiveCfg = Release|x64
		{2C12532D-8776-49AE-8C93-C365DC32C2E1}.Release|x64.Build.0 = Release|x64
		{999B087F-43D2-401F-BFA2-724AB6DC170A}.Debug|x64.ActiveCfg = Debug|x64
		{999B087F-43D2-401F-BFA2-724AB6DC170A}.Debug|x64.Build.0 = Debug|x64
		{999B087F-43D2-401F-BFA2-724AB6DC170A}.Release|x64.ActiveCfg = Release|x64
		{999B087F-43D2-401F-BFA2-724AB6DC170A}.Release|x64.Build.0 = Release|x64
		{24D44FE0-00DC-4695-BBC1-9718A3B3641A}.Debug|x64.ActiveCfg = Debug|x64
		{24D44FE0-00DC-4695-BBC1-9718A3B3641A}.Debug|x64.Build.0 = Debug|x64
		{24D44FE0-00DC-4695-BBC1-9718A3B3641A}.Release|x64.ActiveCfg = Release|x64
		{24D44FE0-00DC-4695-BBC1-9718A3B3641A}.Release|x64.Build.0 = Release|x64
		{B919B620-C910-4A03-BF41-96D0C7DA61F8}.Debug|x64.ActiveCfg = Debug|x64
		{B919B620-C910-4A03-BF41-96D0C7DA61F8}.Debug|x64.Build.0 = Debug|x64
		{B919B620-C910-4A03-BF41-96D0C7DA61F8}.Release|x64.ActiveCfg = Release|x64
		{B919B620-C910-4A03-BF41-96D0C7DA61F8}.Release|x64.Build.0 = Release|x64
		{5E05217A-37BD-4EC1-B916-B8B76ACE8733}.Debug|x64.ActiveCfg = Debug|x64
		{5E05217A-37BD-4EC1-B916-B8B76ACE8733}.Debug|x64.Build.0 = Debug|x64
		{5E05217A-37BD-4EC1-B916-B8B76ACE8733}.Release|x64.ActiveCfg = Release|x64
		{5E05217A-37BD-4EC1-B916-B8B76ACE8733}.Release|x64.Build.0 = Release|x64
		{B459FC5D-AB13-4E84-BF02-FC9C5564F896}.Debug|x64.ActiveCfg = Debug|x64
		{B459FC5D-AB13-4E84-BF02-FC9C5564F896}.Debug|x64.Build.0 = Debug|x64
		{B459FC5D-AB13-4E84-BF02-FC9C5564F896}.Release|x64.ActiveCfg = Release|x64
		{B459FC5D-AB13-4E84-BF02-FC9C5564F896}.Release|x64.Build.0 = Release|x64
		{D3384845-1493-4F61-9479-18420D28749B}.Debug|x64.ActiveCfg = Debug|x64
		{D3384845-1493-4F61-9479-18420D28749B}.Debug|x64.Build.0 = Debug|x64
		{D3384845-1493-4F61-9479-18420D28749B}.Release|x64.ActiveCfg = Release|x64
		{D3384845-1493-4F61-9479-18420D28749B}.Release|x64.Build.0 = Release|x64
	EndGlobalSection
	GlobalSection(SolutionProperties) = preSolution
		HideSolutionNode = FALSE
	EndGlobalSection
	GlobalSection(NestedProjects) = preSolution
		{895F297D-7873-4F56-9278-01689442745E} = {372D004F-0BE8-43AB-B15A-9300945BD745}
		{73D200FF-1DFB-4077-90D3-AC75C19CFD2E} = {B5A377D1-98D7-4743-AAFA-A102EEBCD4B7}
		{4C81E6F3-DC9B-463D-86C9-C4908F363693} = {372D004F-0BE8-43AB-B15A-9300945BD745}
		{6019512B-6FBF-48A7-93B5-A68DDF2E1D58} = {9914DB47-B143-4F63-A3D1-9764557C7CDC}
		{0EE24CFC-CA3D-4B01-BBAF-28DA0D8668AA} = {9914DB47-B143-4F63-A3D1-9764557C7CDC}
		{D80A20F5-7DCC-426D-A0A5-1E09EFE0EC50} = {372D004F-0BE8-43AB-B15A-9300945BD745}
		{A9B1EAD3-5524-4DE0-B2E5-A2E89DE1FD4A} = {372D004F-0BE8-43AB-B15A-9300945BD745}
		{B47A3846-21B4-4310-A338-5C9D2FB2DCC5} = {9914DB47-B143-4F63-A3D1-9764557C7CDC}
		{4D20D92E-5A89-4C9B-8C43-500FB374A1CB} = {9914DB47-B143-4F63-A3D1-9764557C7CDC}
		{83531BD9-D52A-4667-A27B-B9C5771DBFDE} = {B5A377D1-98D7-4743-AAFA-A102EEBCD4B7}
		{1A84EE7C-E4B3-4CDF-8C22-AE4EAECF5CCE} = {B5A377D1-98D7-4743-AAFA-A102EEBCD4B7}
		{263A2AE1-7BDF-4C29-A20B-5912ACD066A4} = {1A84EE7C-E4B3-4CDF-8C22-AE4EAECF5CCE}
		{0116C8E3-EA1E-498D-B042-8A4221FED534} = {1A84EE7C-E4B3-4CDF-8C22-AE4EAECF5CCE}
		{5E5C231E-9377-4C9B-AC05-97A77A184468} = {1A84EE7C-E4B3-4CDF-8C22-AE4EAECF5CCE}
		{1CDCAB2D-49CF-4B69-BD6A-D5E1C9921607} = {1A84EE7C-E4B3-4CDF-8C22-AE4EAECF5CCE}
		{2C12532D-8776-49AE-8C93-C365DC32C2E1} = {1CDCAB2D-49CF-4B69-BD6A-D5E1C9921607}
		{999B087F-43D2-401F-BFA2-724AB6DC170A} = {1CDCAB2D-49CF-4B69-BD6A-D5E1C9921607}
		{24D44FE0-00DC-4695-BBC1-9718A3B3641A} = {9914DB47-B143-4F63-A3D1-9764557C7CDC}
		{B919B620-C910-4A03-BF41-96D0C7DA61F8} = {9914DB47-B143-4F63-A3D1-9764557C7CDC}
		{5E05217A-37BD-4EC1-B916-B8B76ACE8733} = {9914DB47-B143-4F63-A3D1-9764557C7CDC}
		{B459FC5D-AB13-4E84-BF02-FC9C5564F896} = {9914DB47-B143-4F63-A3D1-9764557C7CDC}
		{D3384845-1493-4F61-9479-18420D28749B} = {9914DB47-B143-4F63-A3D1-9764557C7CDC}
	EndGlobalSection
	GlobalSection(ExtensibilityGlobals) = postSolution
		SolutionGuid = {0B8E6B1C-7291-4CD7-B822-FBFCE74D4AE7}
	EndGlobalSection
EndGlobal
